# THIS IS AN AUTOGENERATED FILE. DO NOT EDIT THIS FILE DIRECTLY.
# yarn lockfile v1


"@alloc/quick-lru@^5.2.0":
  version "5.2.0"
  resolved "https://registry.npmjs.org/@alloc/quick-lru/-/quick-lru-5.2.0.tgz"
  integrity sha512-UrcABB+4bUrFABwbluTIBErXwvbsU/V7TZWfmbgJfbkwiBuziS9gxdODUyuiecfdGQ85jglMW6juS3+z5TsKLw==

"@colordx/core@^5.0.0":
  version "5.0.3"
  resolved "https://registry.npmjs.org/@colordx/core/-/core-5.0.3.tgz"
  integrity sha512-xBQ0MYRTNNxW3mS2sJtlQTT7C3Sasqgh1/PsHva7fyDb5uqYY+gv9V0utDdX8X80mqzbGz3u/IDJdn2d/uW09g==

"@jridgewell/gen-mapping@^0.3.5":
  version "0.3.13"
  resolved "https://registry.npmjs.org/@jridgewell/gen-mapping/-/gen-mapping-0.3.13.tgz"
  integrity sha512-2kkt/7niJ6MgEPxF0bYdQ6etZaA+fQvDcLKckhy1yIQOzaoKjBBjSj63/aLVjYE3qhRt5dvM+uUyfCg6UKCBbA==
  dependencies:
    "@jridgewell/sourcemap-codec" "^1.5.0"
    "@jridgewell/trace-mapping" "^0.3.24"

"@jridgewell/remapping@^2.3.5":
  version "2.3.5"
  resolved "https://registry.npmjs.org/@jridgewell/remapping/-/remapping-2.3.5.tgz"
  integrity sha512-LI9u/+laYG4Ds1TDKSJW2YPrIlcVYOwi2fUC6xB43lueCjgxV4lffOCZCtYFiH6TNOX+tQKXx97T4IKHbhyHEQ==
  dependencies:
    "@jridgewell/gen-mapping" "^0.3.5"
    "@jridgewell/trace-mapping" "^0.3.24"

"@jridgewell/resolve-uri@^3.1.0":
  version "3.1.2"
  resolved "https://registry.npmjs.org/@jridgewell/resolve-uri/-/resolve-uri-3.1.2.tgz"
  integrity sha512-bRISgCIjP20/tbWSPWMEi54QVPRZExkuD9lJL+UIxUKtwVJA8wW1Trb1jMs1RFXo1CBTNZ/5hpC9QvmKWdopKw==

"@jridgewell/sourcemap-codec@^1.4.14", "@jridgewell/sourcemap-codec@^1.5.0", "@jridgewell/sourcemap-codec@^1.5.5":
  version "1.5.5"
  resolved "https://registry.npmjs.org/@jridgewell/sourcemap-codec/-/sourcemap-codec-1.5.5.tgz"
  integrity sha512-cYQ9310grqxueWbl+WuIUIaiUaDcj7WOq5fVhEljNVgRfOUhY9fy2zTvfoqWsnebh8Sl70VScFbICvJnLKB0Og==

"@jridgewell/trace-mapping@^0.3.24":
  version "0.3.31"
  resolved "https://registry.npmjs.org/@jridgewell/trace-mapping/-/trace-mapping-0.3.31.tgz"
  integrity sha512-zzNR+SdQSDJzc8joaeP8QQoCQr8NuYx2dIIytl1QeBEZHJ9uW6hebsrYgbz8hJwUQao3TWCMtmfV8Nu1twOLAw==
  dependencies:
    "@jridgewell/resolve-uri" "^3.1.0"
    "@jridgewell/sourcemap-codec" "^1.4.14"

"@shopify/liquid-html-parser@^2.9.0":
  version "2.9.0"
  resolved "https://registry.npmjs.org/@shopify/liquid-html-parser/-/liquid-html-parser-2.9.0.tgz"
  integrity sha512-bkI4tLbU47YUxpgbMa9fgeJjFEMvRNEFL644Yk0ZKo5H1IRzU4pPyCQ6PkGvb0JJnt7OZ+RDGvb6ZLCnAR2Z/A==
  dependencies:
    line-column "^1.0.2"
    ohm-js "^17.0.0"

"@shopify/prettier-plugin-liquid@^1.10.0":
  version "1.10.0"
  resolved "https://registry.npmjs.org/@shopify/prettier-plugin-liquid/-/prettier-plugin-liquid-1.10.0.tgz"
  integrity sha512-csHYjwuT34o8ja6EY0dUBYQS5UVwsKwRYxGiuG816Ov0B8lVd8FUjOwWUk2SnrNx3cGgL0no7z+Byapp7sC1Uw==
  dependencies:
    "@shopify/liquid-html-parser" "^2.9.0"
    html-styles "^1.0.0"

"@tailwindcss/node@4.2.2":
  version "4.2.2"
  resolved "https://registry.npmjs.org/@tailwindcss/node/-/node-4.2.2.tgz"
  integrity sha512-pXS+wJ2gZpVXqFaUEjojq7jzMpTGf8rU6ipJz5ovJV6PUGmlJ+jvIwGrzdHdQ80Sg+wmQxUFuoW1UAAwHNEdFA==
  dependencies:
    "@jridgewell/remapping" "^2.3.5"
    enhanced-resolve "^5.19.0"
    jiti "^2.6.1"
    lightningcss "1.32.0"
    magic-string "^0.30.21"
    source-map-js "^1.2.1"
    tailwindcss "4.2.2"

"@tailwindcss/oxide-darwin-arm64@4.2.2":
  version "4.2.2"
  resolved "https://registry.npmjs.org/@tailwindcss/oxide-darwin-arm64/-/oxide-darwin-arm64-4.2.2.tgz"
  integrity sha512-iq9Qjr6knfMpZHj55/37ouZeykwbDqF21gPFtfnhCCKGDcPI/21FKC9XdMO/XyBM7qKORx6UIhGgg6jLl7BZlg==

"@tailwindcss/oxide@4.2.2":
  version "4.2.2"
  resolved "https://registry.npmjs.org/@tailwindcss/oxide/-/oxide-4.2.2.tgz"
  integrity sha512-qEUA07+E5kehxYp9BVMpq9E8vnJuBHfJEC0vPC5e7iL/hw7HR61aDKoVoKzrG+QKp56vhNZe4qwkRmMC0zDLvg==
  optionalDependencies:
    "@tailwindcss/oxide-android-arm64" "4.2.2"
    "@tailwindcss/oxide-darwin-arm64" "4.2.2"
    "@tailwindcss/oxide-darwin-x64" "4.2.2"
    "@tailwindcss/oxide-freebsd-x64" "4.2.2"
    "@tailwindcss/oxide-linux-arm-gnueabihf" "4.2.2"
    "@tailwindcss/oxide-linux-arm64-gnu" "4.2.2"
    "@tailwindcss/oxide-linux-arm64-musl" "4.2.2"
    "@tailwindcss/oxide-linux-x64-gnu" "4.2.2"
    "@tailwindcss/oxide-linux-x64-musl" "4.2.2"
    "@tailwindcss/oxide-wasm32-wasi" "4.2.2"
    "@tailwindcss/oxide-win32-arm64-msvc" "4.2.2"
    "@tailwindcss/oxide-win32-x64-msvc" "4.2.2"

"@tailwindcss/postcss@^4.2.2":
  version "4.2.2"
  resolved "https://registry.npmjs.org/@tailwindcss/postcss/-/postcss-4.2.2.tgz"
  integrity sha512-n4goKQbW8RVXIbNKRB/45LzyUqN451deQK0nzIeauVEqjlI49slUlgKYJM2QyUzap/PcpnS7kzSUmPb1sCRvYQ==
  dependencies:
    "@alloc/quick-lru" "^5.2.0"
    "@tailwindcss/node" "4.2.2"
    "@tailwindcss/oxide" "4.2.2"
    postcss "^8.5.6"
    tailwindcss "4.2.2"

"@tailwindcss/typography@^0.5.19":
  version "0.5.19"
  resolved "https://registry.npmjs.org/@tailwindcss/typography/-/typography-0.5.19.tgz"
  integrity sha512-w31dd8HOx3k9vPtcQh5QHP9GwKcgbMp87j58qi6xgiBnFFtKEAgCWnDw4qUT8aHwkCp8bKvb/KGKWWHedP0AAg==
  dependencies:
    postcss-selector-parser "6.0.10"

baseline-browser-mapping@^2.10.12:
  version "2.10.18"
  resolved "https://registry.npmjs.org/baseline-browser-mapping/-/baseline-browser-mapping-2.10.18.tgz"
  integrity sha512-VSnGQAOLtP5mib/DPyg2/t+Tlv65NTBz83BJBJvmLVHHuKJVaDOBvJJykiT5TR++em5nfAySPccDZDa4oSrn8A==

boolbase@^1.0.0:
  version "1.0.0"
  resolved "https://registry.npmjs.org/boolbase/-/boolbase-1.0.0.tgz"
  integrity sha512-JZOSA7Mo9sNGB8+UjSgzdLtokWAky1zbztM3WRLCbZ70/3cTANmQmOdR7y2g+J0e2WXywy1yS468tY+IruqEww==

browserslist@^4.0.0, browserslist@^4.28.1, "browserslist@>= 4.21.0":
  version "4.28.2"
  resolved "https://registry.npmjs.org/browserslist/-/browserslist-4.28.2.tgz"
  integrity sha512-48xSriZYYg+8qXna9kwqjIVzuQxi+KYWp2+5nCYnYKPTr0LvD89Jqk2Or5ogxz0NUMfIjhh2lIUX/LyX9B4oIg==
  dependencies:
    baseline-browser-mapping "^2.10.12"
    caniuse-lite "^1.0.30001782"
    electron-to-chromium "^1.5.328"
    node-releases "^2.0.36"
    update-browserslist-db "^1.2.3"

caniuse-api@^3.0.0:
  version "3.0.0"
  resolved "https://registry.npmjs.org/caniuse-api/-/caniuse-api-3.0.0.tgz"
  integrity sha512-bsTwuIg/BZZK/vreVTYYbSWoe2F+71P7K5QGEX+pT250DZbfU1MQ5prOKpPR+LL6uWKK3KMwMCAS74QB3Um1uw==
  dependencies:
    browserslist "^4.0.0"
    caniuse-lite "^1.0.0"
    lodash.memoize "^4.1.2"
    lodash.uniq "^4.5.0"

caniuse-lite@^1.0.0, caniuse-lite@^1.0.30001782:
  version "1.0.30001787"
  resolved "https://registry.npmjs.org/caniuse-lite/-/caniuse-lite-1.0.30001787.tgz"
  integrity sha512-mNcrMN9KeI68u7muanUpEejSLghOKlVhRqS/Za2IeyGllJ9I9otGpR9g3nsw7n4W378TE/LyIteA0+/FOZm4Kg==

commander@^11.1.0:
  version "11.1.0"
  resolved "https://registry.npmjs.org/commander/-/commander-11.1.0.tgz"
  integrity sha512-yPVavfyCcRhmorC7rWlkHn15b4wDVgVmBA7kV4QVBsF7kv/9TKJAbAXVTxvTnwP8HHKjRCJDClKbciiYS7p0DQ==

css-declaration-sorter@^7.2.0:
  version "7.4.0"
  resolved "https://registry.npmjs.org/css-declaration-sorter/-/css-declaration-sorter-7.4.0.tgz"
  integrity sha512-LTuzjPoyA2vMGKKcaOqKSp7Ub2eGrNfKiZH4LpezxpNrsICGCSFvsQOI29psISxNZtaXibkC2CXzrQ5enMeGGw==

css-select@^5.1.0:
  version "5.2.2"
  resolved "https://registry.npmjs.org/css-select/-/css-select-5.2.2.tgz"
  integrity sha512-TizTzUddG/xYLA3NXodFM0fSbNizXjOKhqiQQwvhlspadZokn1KDy0NZFS0wuEubIYAV5/c1/lAr0TaaFXEXzw==
  dependencies:
    boolbase "^1.0.0"
    css-what "^6.1.0"
    domhandler "^5.0.2"
    domutils "^3.0.1"
    nth-check "^2.0.1"

css-tree@^3.0.1:
  version "3.2.1"
  resolved "https://registry.npmjs.org/css-tree/-/css-tree-3.2.1.tgz"
  integrity sha512-X7sjQzceUhu1u7Y/ylrRZFU2FS6LRiFVp6rKLPg23y3x3c3DOKAwuXGDp+PAGjh6CSnCjYeAul8pcT8bAl+lSA==
  dependencies:
    mdn-data "2.27.1"
    source-map-js "^1.2.1"

css-tree@~2.2.0:
  version "2.2.1"
  resolved "https://registry.npmjs.org/css-tree/-/css-tree-2.2.1.tgz"
  integrity sha512-OA0mILzGc1kCOCSJerOeqDxDQ4HOh+G8NbOJFOTgOCzpw7fCBubk0fEyxp8AgOL/jvLgYA/uV0cMbe43ElF1JA==
  dependencies:
    mdn-data "2.0.28"
    source-map-js "^1.0.1"

css-what@^6.1.0:
  version "6.2.2"
  resolved "https://registry.npmjs.org/css-what/-/css-what-6.2.2.tgz"
  integrity sha512-u/O3vwbptzhMs3L1fQE82ZSLHQQfto5gyZzwteVIEyeaY5Fc7R4dapF/BvRoSYFeqfBk4m0V1Vafq5Pjv25wvA==

cssesc@^3.0.0:
  version "3.0.0"
  resolved "https://registry.npmjs.org/cssesc/-/cssesc-3.0.0.tgz"
  integrity sha512-/Tb/JcjK111nNScGob5MNtsntNM1aCNUDipB/TkwZFhyDrrE47SOx/18wF2bbjgc3ZzCSKW1T5nt5EbFoAz/Vg==

cssnano-preset-default@^7.0.12:
  version "7.0.12"
  resolved "https://registry.npmjs.org/cssnano-preset-default/-/cssnano-preset-default-7.0.12.tgz"
  integrity sha512-B3Eoouzw/sl2zANI0AL9KbacummJTCww+fkHaDBMZad/xuVx8bUduPLly6hKVQAlrmvYkS1jB1CVQEKm3gn0AA==
  dependencies:
    browserslist "^4.28.1"
    css-declaration-sorter "^7.2.0"
    cssnano-utils "^5.0.1"
    postcss-calc "^10.1.1"
    postcss-colormin "^7.0.7"
    postcss-convert-values "^7.0.9"
    postcss-discard-comments "^7.0.6"
    postcss-discard-duplicates "^7.0.2"
    postcss-discard-empty "^7.0.1"
    postcss-discard-overridden "^7.0.1"
    postcss-merge-longhand "^7.0.5"
    postcss-merge-rules "^7.0.8"
    postcss-minify-font-values "^7.0.1"
    postcss-minify-gradients "^7.0.2"
    postcss-minify-params "^7.0.6"
    postcss-minify-selectors "^7.0.6"
    postcss-normalize-charset "^7.0.1"
    postcss-normalize-display-values "^7.0.1"
    postcss-normalize-positions "^7.0.1"
    postcss-normalize-repeat-style "^7.0.1"
    postcss-normalize-string "^7.0.1"
    postcss-normalize-timing-functions "^7.0.1"
    postcss-normalize-unicode "^7.0.6"
    postcss-normalize-url "^7.0.1"
    postcss-normalize-whitespace "^7.0.1"
    postcss-ordered-values "^7.0.2"
    postcss-reduce-initial "^7.0.6"
    postcss-reduce-transforms "^7.0.1"
    postcss-svgo "^7.1.1"
    postcss-unique-selectors "^7.0.5"

cssnano-utils@^5.0.1:
  version "5.0.1"
  resolved "https://registry.npmjs.org/cssnano-utils/-/cssnano-utils-5.0.1.tgz"
  integrity sha512-ZIP71eQgG9JwjVZsTPSqhc6GHgEr53uJ7tK5///VfyWj6Xp2DBmixWHqJgPno+PqATzn48pL42ww9x5SSGmhZg==

cssnano@^7.1.4:
  version "7.1.4"
  resolved "https://registry.npmjs.org/cssnano/-/cssnano-7.1.4.tgz"
  integrity sha512-T9PNS7y+5Nc9Qmu9mRONqfxG1RVY7Vuvky0XN6MZ+9hqplesTEwnj9r0ROtVuSwUVfaDhVlavuzWIVLUgm4hkQ==
  dependencies:
    cssnano-preset-default "^7.0.12"
    lilconfig "^3.1.3"

csso@^5.0.5:
  version "5.0.5"
  resolved "https://registry.npmjs.org/csso/-/csso-5.0.5.tgz"
  integrity sha512-0LrrStPOdJj+SPCCrGhzryycLjwcgUSHBtxNA8aIDxf0GLsRh1cKYhB00Gd1lDOS4yGH69+SNn13+TWbVHETFQ==
  dependencies:
    css-tree "~2.2.0"

detect-libc@^2.0.3:
  version "2.1.2"
  resolved "https://registry.npmjs.org/detect-libc/-/detect-libc-2.1.2.tgz"
  integrity sha512-Btj2BOOO83o3WyH59e8MgXsxEQVcarkUOpEYrubB0urwnN10yQ364rsiByU11nZlqWYZm05i/of7io4mzihBtQ==

dom-serializer@^2.0.0:
  version "2.0.0"
  resolved "https://registry.npmjs.org/dom-serializer/-/dom-serializer-2.0.0.tgz"
  integrity sha512-wIkAryiqt/nV5EQKqQpo3SToSOV9J0DnbJqwK7Wv/Trc92zIAYZ4FlMu+JPFW1DfGFt81ZTCGgDEabffXeLyJg==
  dependencies:
    domelementtype "^2.3.0"
    domhandler "^5.0.2"
    entities "^4.2.0"

domelementtype@^2.3.0:
  version "2.3.0"
  resolved "https://registry.npmjs.org/domelementtype/-/domelementtype-2.3.0.tgz"
  integrity sha512-OLETBj6w0OsagBwdXnPdN0cnMfF9opN69co+7ZrbfPGrdpPVNBUj02spi6B1N7wChLQiPn4CSH/zJvXw56gmHw==

domhandler@^5.0.2, domhandler@^5.0.3:
  version "5.0.3"
  resolved "https://registry.npmjs.org/domhandler/-/domhandler-5.0.3.tgz"
  integrity sha512-cgwlv/1iFQiFnU96XXgROh8xTeetsnJiDsTc7TYCLFd9+/WNkIqPTxiM/8pSd8VIrhXGTf1Ny1q1hquVqDJB5w==
  dependencies:
    domelementtype "^2.3.0"

domutils@^3.0.1:
  version "3.2.2"
  resolved "https://registry.npmjs.org/domutils/-/domutils-3.2.2.tgz"
  integrity sha512-6kZKyUajlDuqlHKVX1w7gyslj9MPIXzIFiz/rGu35uC1wMi+kMhQwGhl4lt9unC9Vb9INnY9Z3/ZA3+FhASLaw==
  dependencies:
    dom-serializer "^2.0.0"
    domelementtype "^2.3.0"
    domhandler "^5.0.3"

electron-to-chromium@^1.5.328:
  version "1.5.335"
  resolved "https://registry.npmjs.org/electron-to-chromium/-/electron-to-chromium-1.5.335.tgz"
  integrity sha512-q9n5T4BR4Xwa2cwbrwcsDJtHD/enpQ5S1xF1IAtdqf5AAgqDFmR/aakqH3ChFdqd/QXJhS3rnnXFtexU7rax6Q==

enhanced-resolve@^5.19.0:
  version "5.20.1"
  resolved "https://registry.npmjs.org/enhanced-resolve/-/enhanced-resolve-5.20.1.tgz"
  integrity sha512-Qohcme7V1inbAfvjItgw0EaxVX5q2rdVEZHRBrEQdRZTssLDGsL8Lwrznl8oQ/6kuTJONLaDcGjkNP247XEhcA==
  dependencies:
    graceful-fs "^4.2.4"
    tapable "^2.3.0"

entities@^4.2.0:
  version "4.5.0"
  resolved "https://registry.npmjs.org/entities/-/entities-4.5.0.tgz"
  integrity sha512-V0hjH4dGPh9Ao5p0MoRY6BVqtwCjhz6vI5LT8AJ55H+4g9/4vbHx1I54fS0XuclLhDHArPQCiMjDxjaL8fPxhw==

escalade@^3.2.0:
  version "3.2.0"
  resolved "https://registry.npmjs.org/escalade/-/escalade-3.2.0.tgz"
  integrity sha512-WUj2qlxaQtO4g6Pq5c29GTcWGDyd8itL8zTlipgECz3JesAiiOKotd8JU6otB3PACgG6xkJUyVhboMS+bje/jA==

graceful-fs@^4.2.4:
  version "4.2.11"
  resolved "https://registry.npmjs.org/graceful-fs/-/graceful-fs-4.2.11.tgz"
  integrity sha512-RbJ5/jmFcNNCcDV5o9eTnBLJ/HszWV0P73bc+Ff4nS/rJj+YaS6IGyiOL0VoBYX+l1Wrl3k63h/KrH+nhJ0XvQ==

html-styles@^1.0.0:
  version "1.0.0"
  resolved "https://registry.npmjs.org/html-styles/-/html-styles-1.0.0.tgz"
  integrity sha512-cDl5dcj73oI4Hy0DSUNh54CAwslNLJRCCoO+RNkVo+sBrjA/0+7E/xzvj3zH/GxbbBLGJhE0hBe1eg+0FINC6w==

isarray@^1.0.0, isarray@1.0.0:
  version "1.0.0"
  resolved "https://registry.npmjs.org/isarray/-/isarray-1.0.0.tgz"
  integrity sha512-VLghIWNM6ELQzo7zwmcg0NmTVyWKYjvIeM83yjp0wRDTmUnrM678fQbcKBo6n2CJEF0szoG//ytg+TKla89ALQ==

isobject@^2.0.0:
  version "2.1.0"
  resolved "https://registry.npmjs.org/isobject/-/isobject-2.1.0.tgz"
  integrity sha512-+OUdGJlgjOBZDfxnDjYYG6zp487z0JGNQq3cYQYg5f5hKR+syHMsaztzGeml/4kGG55CSpKSpWTY+jYGgsHLgA==
  dependencies:
    isarray "1.0.0"

jiti@^2.6.1:
  version "2.6.1"
  resolved "https://registry.npmjs.org/jiti/-/jiti-2.6.1.tgz"
  integrity sha512-ekilCSN1jwRvIbgeg/57YFh8qQDNbwDb9xT/qu2DAHbFFZUicIl4ygVaAvzveMhMVr3LnpSKTNnwt8PoOfmKhQ==

lightningcss-darwin-arm64@1.32.0:
  version "1.32.0"
  resolved "https://registry.npmjs.org/lightningcss-darwin-arm64/-/lightningcss-darwin-arm64-1.32.0.tgz"
  integrity sha512-RzeG9Ju5bag2Bv1/lwlVJvBE3q6TtXskdZLLCyfg5pt+HLz9BqlICO7LZM7VHNTTn/5PRhHFBSjk5lc4cmscPQ==

lightningcss@1.32.0:
  version "1.32.0"
  resolved "https://registry.npmjs.org/lightningcss/-/lightningcss-1.32.0.tgz"
  integrity sha512-NXYBzinNrblfraPGyrbPoD19C1h9lfI/1mzgWYvXUTe414Gz/X1FD2XBZSZM7rRTrMA8JL3OtAaGifrIKhQ5yQ==
  dependencies:
    detect-libc "^2.0.3"
  optionalDependencies:
    lightningcss-android-arm64 "1.32.0"
    lightningcss-darwin-arm64 "1.32.0"
    lightningcss-darwin-x64 "1.32.0"
    lightningcss-freebsd-x64 "1.32.0"
    lightningcss-linux-arm-gnueabihf "1.32.0"
    lightningcss-linux-arm64-gnu "1.32.0"
    lightningcss-linux-arm64-musl "1.32.0"
    lightningcss-linux-x64-gnu "1.32.0"
    lightningcss-linux-x64-musl "1.32.0"
    lightningcss-win32-arm64-msvc "1.32.0"
    lightningcss-win32-x64-msvc "1.32.0"

lilconfig@^3.1.3:
  version "3.1.3"
  resolved "https://registry.npmjs.org/lilconfig/-/lilconfig-3.1.3.tgz"
  integrity sha512-/vlFKAoH5Cgt3Ie+JLhRbwOsCQePABiU3tJ1egGvyQ+33R/vcwM2Zl2QR/LzjsBeItPt3oSVXapn+m4nQDvpzw==

line-column@^1.0.2:
  version "1.0.2"
  resolved "https://registry.npmjs.org/line-column/-/line-column-1.0.2.tgz"
  integrity sha512-Ktrjk5noGYlHsVnYWh62FLVs4hTb8A3e+vucNZMgPeAOITdshMSgv4cCZQeRDjm7+goqmo6+liZwTXo+U3sVww==
  dependencies:
    isarray "^1.0.0"
    isobject "^2.0.0"

lodash.memoize@^4.1.2:
  version "4.1.2"
  resolved "https://registry.npmjs.org/lodash.memoize/-/lodash.memoize-4.1.2.tgz"
  integrity sha512-t7j+NzmgnQzTAYXcsHYLgimltOV1MXHtlOWf6GjL9Kj8GK5FInw5JotxvbOs+IvV1/Dzo04/fCGfLVs7aXb4Ag==

lodash.uniq@^4.5.0:
  version "4.5.0"
  resolved "https://registry.npmjs.org/lodash.uniq/-/lodash.uniq-4.5.0.tgz"
  integrity sha512-xfBaXQd9ryd9dlSDvnvI0lvxfLJlYAZzXomUYzLKtUeOQvOP5piqAWuGtrhWeqaXK9hhoM/iyJc5AV+XfsX3HQ==

magic-string@^0.30.21:
  version "0.30.21"
  resolved "https://registry.npmjs.org/magic-string/-/magic-string-0.30.21.tgz"
  integrity sha512-vd2F4YUyEXKGcLHoq+TEyCjxueSeHnFxyyjNp80yg0XV4vUhnDer/lvvlqM/arB5bXQN5K2/3oinyCRyx8T2CQ==
  dependencies:
    "@jridgewell/sourcemap-codec" "^1.5.5"

mdn-data@2.0.28:
  version "2.0.28"
  resolved "https://registry.npmjs.org/mdn-data/-/mdn-data-2.0.28.tgz"
  integrity sha512-aylIc7Z9y4yzHYAJNuESG3hfhC+0Ibp/MAMiaOZgNv4pmEdFyfZhhhny4MNiAfWdBQ1RQ2mfDWmM1x8SvGyp8g==

mdn-data@2.27.1:
  version "2.27.1"
  resolved "https://registry.npmjs.org/mdn-data/-/mdn-data-2.27.1.tgz"
  integrity sha512-9Yubnt3e8A0OKwxYSXyhLymGW4sCufcLG6VdiDdUGVkPhpqLxlvP5vl1983gQjJl3tqbrM731mjaZaP68AgosQ==

nanoid@^3.3.11:
  version "3.3.11"
  resolved "https://registry.npmjs.org/nanoid/-/nanoid-3.3.11.tgz"
  integrity sha512-N8SpfPUnUp1bK+PMYW8qSWdl9U+wwNWI4QKxOYDy9JAro3WMX7p2OeVRF9v+347pnakNevPmiHhNmZ2HbFA76w==

node-releases@^2.0.36:
  version "2.0.37"
  resolved "https://registry.npmjs.org/node-releases/-/node-releases-2.0.37.tgz"
  integrity sha512-1h5gKZCF+pO/o3Iqt5Jp7wc9rH3eJJ0+nh/CIoiRwjRxde/hAHyLPXYN4V3CqKAbiZPSeJFSWHmJsbkicta0Eg==

nth-check@^2.0.1:
  version "2.1.1"
  resolved "https://registry.npmjs.org/nth-check/-/nth-check-2.1.1.tgz"
  integrity sha512-lqjrjmaOoAnWfMmBPL+XNnynZh2+swxiX3WUE0s4yEHI6m+AwrK2UZOimIRl3X/4QctVqS8AiZjFqyOGrMXb/w==
  dependencies:
    boolbase "^1.0.0"

ohm-js@^17.0.0:
  version "17.3.0"
  resolved "https://registry.npmjs.org/ohm-js/-/ohm-js-17.3.0.tgz"
  integrity sha512-LySMdjweN1hKBMMV8lM44+1wiewkndDNNJxtgVAscs7y683MXCdQZLsIaw64/p8NuqYbKOWZoHIOA5DU/xchoA==

picocolors@^1.1.1:
  version "1.1.1"
  resolved "https://registry.npmjs.org/picocolors/-/picocolors-1.1.1.tgz"
  integrity sha512-xceH2snhtb5M9liqDsmEw56le376mTZkEX/jEb/RxNFyegNul7eNslCXP9FDj/Lcu0X8KEyMceP2ntpaHrDEVA==

postcss-calc@^10.1.1:
  version "10.1.1"
  resolved "https://registry.npmjs.org/postcss-calc/-/postcss-calc-10.1.1.tgz"
  integrity sha512-NYEsLHh8DgG/PRH2+G9BTuUdtf9ViS+vdoQ0YA5OQdGsfN4ztiwtDWNtBl9EKeqNMFnIu8IKZ0cLxEQ5r5KVMw==
  dependencies:
    postcss-selector-parser "^7.0.0"
    postcss-value-parser "^4.2.0"

postcss-colormin@^7.0.7:
  version "7.0.7"
  resolved "https://registry.npmjs.org/postcss-colormin/-/postcss-colormin-7.0.7.tgz"
  integrity sha512-sBQ628lSj3VQpDquQel8Pen5mmjFPsO4pH9lDLaHB1AVkMRHtkl0pRB5DCWznc9upWsxint/kV+AveSj7W1tew==
  dependencies:
    "@colordx/core" "^5.0.0"
    browserslist "^4.28.1"
    caniuse-api "^3.0.0"
    postcss-value-parser "^4.2.0"

postcss-convert-values@^7.0.9:
  version "7.0.9"
  resolved "https://registry.npmjs.org/postcss-convert-values/-/postcss-convert-values-7.0.9.tgz"
  integrity sha512-l6uATQATZaCa0bckHV+r6dLXfWtUBKXxO3jK+AtxxJJtgMPD+VhhPCCx51I4/5w8U5uHV67g3w7PXj+V3wlMlg==
  dependencies:
    browserslist "^4.28.1"
    postcss-value-parser "^4.2.0"

postcss-discard-comments@^7.0.6:
  version "7.0.6"
  resolved "https://registry.npmjs.org/postcss-discard-comments/-/postcss-discard-comments-7.0.6.tgz"
  integrity sha512-Sq+Fzj1Eg5/CPf1ERb0wS1Im5cvE2gDXCE+si4HCn1sf+jpQZxDI4DXEp8t77B/ImzDceWE2ebJQFXdqZ6GRJw==
  dependencies:
    postcss-selector-parser "^7.1.1"

postcss-discard-duplicates@^7.0.2:
  version "7.0.2"
  resolved "https://registry.npmjs.org/postcss-discard-duplicates/-/postcss-discard-duplicates-7.0.2.tgz"
  integrity sha512-eTonaQvPZ/3i1ASDHOKkYwAybiM45zFIc7KXils4mQmHLqIswXD9XNOKEVxtTFnsmwYzF66u4LMgSr0abDlh5w==

postcss-discard-empty@^7.0.1:
  version "7.0.1"
  resolved "https://registry.npmjs.org/postcss-discard-empty/-/postcss-discard-empty-7.0.1.tgz"
  integrity sha512-cFrJKZvcg/uxB6Ijr4l6qmn3pXQBna9zyrPC+sK0zjbkDUZew+6xDltSF7OeB7rAtzaaMVYSdbod+sZOCWnMOg==

postcss-discard-overridden@^7.0.1:
  version "7.0.1"
  resolved "https://registry.npmjs.org/postcss-discard-overridden/-/postcss-discard-overridden-7.0.1.tgz"
  integrity sha512-7c3MMjjSZ/qYrx3uc1940GSOzN1Iqjtlqe8uoSg+qdVPYyRb0TILSqqmtlSFuE4mTDECwsm397Ya7iXGzfF7lg==

postcss-merge-longhand@^7.0.5:
  version "7.0.5"
  resolved "https://registry.npmjs.org/postcss-merge-longhand/-/postcss-merge-longhand-7.0.5.tgz"
  integrity sha512-Kpu5v4Ys6QI59FxmxtNB/iHUVDn9Y9sYw66D6+SZoIk4QTz1prC4aYkhIESu+ieG1iylod1f8MILMs1Em3mmIw==
  dependencies:
    postcss-value-parser "^4.2.0"
    stylehacks "^7.0.5"

postcss-merge-rules@^7.0.8:
  version "7.0.8"
  resolved "https://registry.npmjs.org/postcss-merge-rules/-/postcss-merge-rules-7.0.8.tgz"
  integrity sha512-BOR1iAM8jnr7zoQSlpeBmCsWV5Uudi/+5j7k05D0O/WP3+OFMPD86c1j/20xiuRtyt45bhxw/7hnhZNhW2mNFA==
  dependencies:
    browserslist "^4.28.1"
    caniuse-api "^3.0.0"
    cssnano-utils "^5.0.1"
    postcss-selector-parser "^7.1.1"

postcss-minify-font-values@^7.0.1:
  version "7.0.1"
  resolved "https://registry.npmjs.org/postcss-minify-font-values/-/postcss-minify-font-values-7.0.1.tgz"
  integrity sha512-2m1uiuJeTplll+tq4ENOQSzB8LRnSUChBv7oSyFLsJRtUgAAJGP6LLz0/8lkinTgxrmJSPOEhgY1bMXOQ4ZXhQ==
  dependencies:
    postcss-value-parser "^4.2.0"

postcss-minify-gradients@^7.0.2:
  version "7.0.2"
  resolved "https://registry.npmjs.org/postcss-minify-gradients/-/postcss-minify-gradients-7.0.2.tgz"
  integrity sha512-fVY3AB8Um7SJR5usHqTY2Ngf9qh8IRN+FFzrBP0ONJy6yYXsP7xyjK2BvSAIrpgs1cST+H91V0TXi3diHLYJtw==
  dependencies:
    "@colordx/core" "^5.0.0"
    cssnano-utils "^5.0.1"
    postcss-value-parser "^4.2.0"

postcss-minify-params@^7.0.6:
  version "7.0.6"
  resolved "https://registry.npmjs.org/postcss-minify-params/-/postcss-minify-params-7.0.6.tgz"
  integrity sha512-YOn02gC68JijlaXVuKvFSCvQOhTpblkcfDre2hb/Aaa58r2BIaK4AtE/cyZf2wV7YKAG+UlP9DT+By0ry1E4VQ==
  dependencies:
    browserslist "^4.28.1"
    cssnano-utils "^5.0.1"
    postcss-value-parser "^4.2.0"

postcss-minify-selectors@^7.0.6:
  version "7.0.6"
  resolved "https://registry.npmjs.org/postcss-minify-selectors/-/postcss-minify-selectors-7.0.6.tgz"
  integrity sha512-lIbC0jy3AAwDxEgciZlBullDiMBeBCT+fz5G8RcA9MWqh/hfUkpOI3vNDUNEZHgokaoiv0juB9Y8fGcON7rU/A==
  dependencies:
    cssesc "^3.0.0"
    postcss-selector-parser "^7.1.1"

postcss-normalize-charset@^7.0.1:
  version "7.0.1"
  resolved "https://registry.npmjs.org/postcss-normalize-charset/-/postcss-normalize-charset-7.0.1.tgz"
  integrity sha512-sn413ofhSQHlZFae//m9FTOfkmiZ+YQXsbosqOWRiVQncU2BA3daX3n0VF3cG6rGLSFVc5Di/yns0dFfh8NFgQ==

postcss-normalize-display-values@^7.0.1:
  version "7.0.1"
  resolved "https://registry.npmjs.org/postcss-normalize-display-values/-/postcss-normalize-display-values-7.0.1.tgz"
  integrity sha512-E5nnB26XjSYz/mGITm6JgiDpAbVuAkzXwLzRZtts19jHDUBFxZ0BkXAehy0uimrOjYJbocby4FVswA/5noOxrQ==
  dependencies:
    postcss-value-parser "^4.2.0"

postcss-normalize-positions@^7.0.1:
  version "7.0.1"
  resolved "https://registry.npmjs.org/postcss-normalize-positions/-/postcss-normalize-positions-7.0.1.tgz"
  integrity sha512-pB/SzrIP2l50ZIYu+yQZyMNmnAcwyYb9R1fVWPRxm4zcUFCY2ign7rcntGFuMXDdd9L2pPNUgoODDk91PzRZuQ==
  dependencies:
    postcss-value-parser "^4.2.0"

postcss-normalize-repeat-style@^7.0.1:
  version "7.0.1"
  resolved "https://registry.npmjs.org/postcss-normalize-repeat-style/-/postcss-normalize-repeat-style-7.0.1.tgz"
  integrity sha512-NsSQJ8zj8TIDiF0ig44Byo3Jk9e4gNt9x2VIlJudnQQ5DhWAHJPF4Tr1ITwyHio2BUi/I6Iv0HRO7beHYOloYQ==
  dependencies:
    postcss-value-parser "^4.2.0"

postcss-normalize-string@^7.0.1:
  version "7.0.1"
  resolved "https://registry.npmjs.org/postcss-normalize-string/-/postcss-normalize-string-7.0.1.tgz"
  integrity sha512-QByrI7hAhsoze992kpbMlJSbZ8FuCEc1OT9EFbZ6HldXNpsdpZr+YXC5di3UEv0+jeZlHbZcoCADgb7a+lPmmQ==
  dependencies:
    postcss-value-parser "^4.2.0"

postcss-normalize-timing-functions@^7.0.1:
  version "7.0.1"
  resolved "https://registry.npmjs.org/postcss-normalize-timing-functions/-/postcss-normalize-timing-functions-7.0.1.tgz"
  integrity sha512-bHifyuuSNdKKsnNJ0s8fmfLMlvsQwYVxIoUBnowIVl2ZAdrkYQNGVB4RxjfpvkMjipqvbz0u7feBZybkl/6NJg==
  dependencies:
    postcss-value-parser "^4.2.0"

postcss-normalize-unicode@^7.0.6:
  version "7.0.6"
  resolved "https://registry.npmjs.org/postcss-normalize-unicode/-/postcss-normalize-unicode-7.0.6.tgz"
  integrity sha512-z6bwTV84YW6ZvvNoaNLuzRW4/uWxDKYI1iIDrzk6D2YTL7hICApy+Q1LP6vBEsljX8FM7YSuV9qI79XESd4ddQ==
  dependencies:
    browserslist "^4.28.1"
    postcss-value-parser "^4.2.0"

postcss-normalize-url@^7.0.1:
  version "7.0.1"
  resolved "https://registry.npmjs.org/postcss-normalize-url/-/postcss-normalize-url-7.0.1.tgz"
  integrity sha512-sUcD2cWtyK1AOL/82Fwy1aIVm/wwj5SdZkgZ3QiUzSzQQofrbq15jWJ3BA7Z+yVRwamCjJgZJN0I9IS7c6tgeQ==
  dependencies:
    postcss-value-parser "^4.2.0"

postcss-normalize-whitespace@^7.0.1:
  version "7.0.1"
  resolved "https://registry.npmjs.org/postcss-normalize-whitespace/-/postcss-normalize-whitespace-7.0.1.tgz"
  integrity sha512-vsbgFHMFQrJBJKrUFJNZ2pgBeBkC2IvvoHjz1to0/0Xk7sII24T0qFOiJzG6Fu3zJoq/0yI4rKWi7WhApW+EFA==
  dependencies:
    postcss-value-parser "^4.2.0"

postcss-ordered-values@^7.0.2:
  version "7.0.2"
  resolved "https://registry.npmjs.org/postcss-ordered-values/-/postcss-ordered-values-7.0.2.tgz"
  integrity sha512-AMJjt1ECBffF7CEON/Y0rekRLS6KsePU6PRP08UqYW4UGFRnTXNrByUzYK1h8AC7UWTZdQ9O3Oq9kFIhm0SFEw==
  dependencies:
    cssnano-utils "^5.0.1"
    postcss-value-parser "^4.2.0"

postcss-reduce-initial@^7.0.6:
  version "7.0.6"
  resolved "https://registry.npmjs.org/postcss-reduce-initial/-/postcss-reduce-initial-7.0.6.tgz"
  integrity sha512-G6ZyK68AmrPdMB6wyeA37ejnnRG2S8xinJrZJnOv+IaRKf6koPAVbQsiC7MfkmXaGmF1UO+QCijb27wfpxuRNg==
  dependencies:
    browserslist "^4.28.1"
    caniuse-api "^3.0.0"

postcss-reduce-transforms@^7.0.1:
  version "7.0.1"
  resolved "https://registry.npmjs.org/postcss-reduce-transforms/-/postcss-reduce-transforms-7.0.1.tgz"
  integrity sha512-MhyEbfrm+Mlp/36hvZ9mT9DaO7dbncU0CvWI8V93LRkY6IYlu38OPg3FObnuKTUxJ4qA8HpurdQOo5CyqqO76g==
  dependencies:
    postcss-value-parser "^4.2.0"

postcss-selector-parser@^7.0.0:
  version "7.1.1"
  resolved "https://registry.npmjs.org/postcss-selector-parser/-/postcss-selector-parser-7.1.1.tgz"
  integrity sha512-orRsuYpJVw8LdAwqqLykBj9ecS5/cRHlI5+nvTo8LcCKmzDmqVORXtOIYEEQuL9D4BxtA1lm5isAqzQZCoQ6Eg==
  dependencies:
    cssesc "^3.0.0"
    util-deprecate "^1.0.2"

postcss-selector-parser@^7.1.1:
  version "7.1.1"
  resolved "https://registry.npmjs.org/postcss-selector-parser/-/postcss-selector-parser-7.1.1.tgz"
  integrity sha512-orRsuYpJVw8LdAwqqLykBj9ecS5/cRHlI5+nvTo8LcCKmzDmqVORXtOIYEEQuL9D4BxtA1lm5isAqzQZCoQ6Eg==
  dependencies:
    cssesc "^3.0.0"
    util-deprecate "^1.0.2"

postcss-selector-parser@6.0.10:
  version "6.0.10"
  resolved "https://registry.npmjs.org/postcss-selector-parser/-/postcss-selector-parser-6.0.10.tgz"
  integrity sha512-IQ7TZdoaqbT+LCpShg46jnZVlhWD2w6iQYAcYXfHARZ7X1t/UGhhceQDs5X0cGqKvYlHNOuv7Oa1xmb0oQuA3w==
  dependencies:
    cssesc "^3.0.0"
    util-deprecate "^1.0.2"

postcss-svgo@^7.1.1:
  version "7.1.1"
  resolved "https://registry.npmjs.org/postcss-svgo/-/postcss-svgo-7.1.1.tgz"
  integrity sha512-zU9H9oEDrUFKa0JB7w+IYL7Qs9ey1mZyjhbf0KLxwJDdDRtoPvCmaEfknzqfHj44QS9VD6c5sJnBAVYTLRg/Sg==
  dependencies:
    postcss-value-parser "^4.2.0"
    svgo "^4.0.1"

postcss-unique-selectors@^7.0.5:
  version "7.0.5"
  resolved "https://registry.npmjs.org/postcss-unique-selectors/-/postcss-unique-selectors-7.0.5.tgz"
  integrity sha512-3QoYmEt4qg/rUWDn6Tc8+ZVPmbp4G1hXDtCNWDx0st8SjtCbRcxRXDDM1QrEiXGG3A45zscSJFb4QH90LViyxg==
  dependencies:
    postcss-selector-parser "^7.1.1"

postcss-value-parser@^4.2.0:
  version "4.2.0"
  resolved "https://registry.npmjs.org/postcss-value-parser/-/postcss-value-parser-4.2.0.tgz"
  integrity sha512-1NNCs6uurfkVbeXG4S8JFT9t19m45ICnif8zWLd5oPSZ50QnwMfK+H3jv408d4jw/7Bttv5axS5IiHoLaVNHeQ==

postcss@^8.0.9, postcss@^8.4.32, postcss@^8.4.38, postcss@^8.5.6, postcss@^8.5.9:
  version "8.5.9"
  resolved "https://registry.npmjs.org/postcss/-/postcss-8.5.9.tgz"
  integrity sha512-7a70Nsot+EMX9fFU3064K/kdHWZqGVY+BADLyXc8Dfv+mTLLVl6JzJpPaCZ2kQL9gIJvKXSLMHhqdRRjwQeFtw==
  dependencies:
    nanoid "^3.3.11"
    picocolors "^1.1.1"
    source-map-js "^1.2.1"

"prettier@^2.0.0 || ^3.0.0", prettier@^3.7.4:
  version "3.7.4"
  resolved "https://registry.npmjs.org/prettier/-/prettier-3.7.4.tgz"
  integrity sha512-v6UNi1+3hSlVvv8fSaoUbggEM5VErKmmpGA7Pl3HF8V6uKY7rvClBOJlH6yNwQtfTueNkGVpOv/mtWL9L4bgRA==

sax@^1.5.0:
  version "1.6.0"
  resolved "https://registry.npmjs.org/sax/-/sax-1.6.0.tgz"
  integrity sha512-6R3J5M4AcbtLUdZmRv2SygeVaM7IhrLXu9BmnOGmmACak8fiUtOsYNWUS4uK7upbmHIBbLBeFeI//477BKLBzA==

source-map-js@^1.0.1, source-map-js@^1.2.1:
  version "1.2.1"
  resolved "https://registry.npmjs.org/source-map-js/-/source-map-js-1.2.1.tgz"
  integrity sha512-UXWMKhLOwVKb728IUtQPXxfYU+usdybtUrK/8uGE8CQMvrhOpwvzDBwj0QhSL7MQc7vIsISBG8VQ8+IDQxpfQA==

stylehacks@^7.0.5:
  version "7.0.8"
  resolved "https://registry.npmjs.org/stylehacks/-/stylehacks-7.0.8.tgz"
  integrity sha512-I3f053GBLIiS5Fg6OMFhq/c+yW+5Hc2+1fgq7gElDMMSqwlRb3tBf2ef6ucLStYRpId4q//bQO1FjcyNyy4yDQ==
  dependencies:
    browserslist "^4.28.1"
    postcss-selector-parser "^7.1.1"

svgo@^4.0.1:
  version "4.0.1"
  resolved "https://registry.npmjs.org/svgo/-/svgo-4.0.1.tgz"
  integrity sha512-XDpWUOPC6FEibaLzjfe0ucaV0YrOjYotGJO1WpF0Zd+n6ZGEQUsSugaoLq9QkEZtAfQIxT42UChcssDVPP3+/w==
  dependencies:
    commander "^11.1.0"
    css-select "^5.1.0"
    css-tree "^3.0.1"
    css-what "^6.1.0"
    csso "^5.0.5"
    picocolors "^1.1.1"
    sax "^1.5.0"

tailwindcss@^4.2.2, "tailwindcss@>=3.0.0 || insiders || >=4.0.0-alpha.20 || >=4.0.0-beta.1", tailwindcss@4.2.2:
  version "4.2.2"
  resolved "https://registry.npmjs.org/tailwindcss/-/tailwindcss-4.2.2.tgz"
  integrity sha512-KWBIxs1Xb6NoLdMVqhbhgwZf2PGBpPEiwOqgI4pFIYbNTfBXiKYyWoTsXgBQ9WFg/OlhnvHaY+AEpW7wSmFo2Q==

tapable@^2.3.0:
  version "2.3.2"
  resolved "https://registry.npmjs.org/tapable/-/tapable-2.3.2.tgz"
  integrity sha512-1MOpMXuhGzGL5TTCZFItxCc0AARf1EZFQkGqMm7ERKj8+Hgr5oLvJOVFcC+lRmR8hCe2S3jC4T5D7Vg/d7/fhA==

update-browserslist-db@^1.2.3:
  version "1.2.3"
  resolved "https://registry.npmjs.org/update-browserslist-db/-/update-browserslist-db-1.2.3.tgz"
  integrity sha512-Js0m9cx+qOgDxo0eMiFGEueWztz+d4+M3rGlmKPT+T4IS/jP4ylw3Nwpu6cpTTP8R1MAC1kF4VbdLt3ARf209w==
  dependencies:
    escalade "^3.2.0"
    picocolors "^1.1.1"

util-deprecate@^1.0.2:
  version "1.0.2"
  resolved "https://registry.npmjs.org/util-deprecate/-/util-deprecate-1.0.2.tgz"
  integrity sha512-EPD5q1uXyFxJpCrLnCc1nHnq3gOa6DZBocAIiI2TaSCA7VCJ1UJDMagCzIkXNsUYfD1daK//LTEQ8xiIbrHtcw==
