# THIS IS AN AUTOGENERATED FILE. DO NOT EDIT THIS FILE DIRECTLY.
# yarn lockfile v1


"@alloc/quick-lru@^5.2.0":
  version "5.2.0"
  resolved "https://registry.npmjs.org/@alloc/quick-lru/-/quick-lru-5.2.0.tgz"
  integrity sha512-UrcABB+4bUrFABwbluTIBErXwvbsU/V7TZWfmbgJfbkwiBuziS9gxdODUyuiecfdGQ85jglMW6juS3+z5TsKLw==

"@jridgewell/gen-mapping@^0.3.5":
  version "0.3.13"
  resolved "https://registry.npmjs.org/@jridgewell/gen-mapping/-/gen-mapping-0.3.13.tgz"
  integrity sha512-2kkt/7niJ6MgEPxF0bYdQ6etZaA+fQvDcLKckhy1yIQOzaoKjBBjSj63/aLVjYE3qhRt5dvM+uUyfCg6UKCBbA==
  dependencies:
    "@jridgewell/sourcemap-codec" "^1.5.0"
    "@jridgewell/trace-mapping" "^0.3.24"

"@jridgewell/remapping@^2.3.5":
  version "2.3.5"
  resolved "https://registry.npmjs.org/@jridgewell/remapping/-/remapping-2.3.5.tgz"
  integrity sha512-LI9u/+laYG4Ds1TDKSJW2YPrIlcVYOwi2fUC6xB43lueCjgxV4lffOCZCtYFiH6TNOX+tQKXx97T4IKHbhyHEQ==
  dependencies:
    "@jridgewell/gen-mapping" "^0.3.5"
    "@jridgewell/trace-mapping" "^0.3.24"

"@jridgewell/resolve-uri@^3.1.0":
  version "3.1.2"
  resolved "https://registry.npmjs.org/@jridgewell/resolve-uri/-/resolve-uri-3.1.2.tgz"
  integrity sha512-bRISgCIjP20/tbWSPWMEi54QVPRZExkuD9lJL+UIxUKtwVJA8wW1Trb1jMs1RFXo1CBTNZ/5hpC9QvmKWdopKw==

"@jridgewell/sourcemap-codec@^1.4.14", "@jridgewell/sourcemap-codec@^1.5.0", "@jridgewell/sourcemap-codec@^1.5.5":
  version "1.5.5"
  resolved "https://registry.npmjs.org/@jridgewell/sourcemap-codec/-/sourcemap-codec-1.5.5.tgz"
  integrity sha512-cYQ9310grqxueWbl+WuIUIaiUaDcj7WOq5fVhEljNVgRfOUhY9fy2zTvfoqWsnebh8Sl70VScFbICvJnLKB0Og==

"@jridgewell/trace-mapping@^0.3.24":
  version "0.3.31"
  resolved "https://registry.npmjs.org/@jridgewell/trace-mapping/-/trace-mapping-0.3.31.tgz"
  integrity sha512-zzNR+SdQSDJzc8joaeP8QQoCQr8NuYx2dIIytl1QeBEZHJ9uW6hebsrYgbz8hJwUQao3TWCMtmfV8Nu1twOLAw==
  dependencies:
    "@jridgewell/resolve-uri" "^3.1.0"
    "@jridgewell/sourcemap-codec" "^1.4.14"

"@shopify/liquid-html-parser@^2.9.0":
  version "2.9.0"
  resolved "https://registry.npmjs.org/@shopify/liquid-html-parser/-/liquid-html-parser-2.9.0.tgz"
  integrity sha512-bkI4tLbU47YUxpgbMa9fgeJjFEMvRNEFL644Yk0ZKo5H1IRzU4pPyCQ6PkGvb0JJnt7OZ+RDGvb6ZLCnAR2Z/A==
  dependencies:
    line-column "^1.0.2"
    ohm-js "^17.0.0"

"@shopify/prettier-plugin-liquid@^1.10.0":
  version "1.10.0"
  resolved "https://registry.npmjs.org/@shopify/prettier-plugin-liquid/-/prettier-plugin-liquid-1.10.0.tgz"
  integrity sha512-csHYjwuT34o8ja6EY0dUBYQS5UVwsKwRYxGiuG816Ov0B8lVd8FUjOwWUk2SnrNx3cGgL0no7z+Byapp7sC1Uw==
  dependencies:
    "@shopify/liquid-html-parser" "^2.9.0"
    html-styles "^1.0.0"

"@tailwindcss/node@4.2.2":
  version "4.2.2"
  resolved "https://registry.npmjs.org/@tailwindcss/node/-/node-4.2.2.tgz"
  integrity sha512-pXS+wJ2gZpVXqFaUEjojq7jzMpTGf8rU6ipJz5ovJV6PUGmlJ+jvIwGrzdHdQ80Sg+wmQxUFuoW1UAAwHNEdFA==
  dependencies:
    "@jridgewell/remapping" "^2.3.5"
    enhanced-resolve "^5.19.0"
    jiti "^2.6.1"
    lightningcss "1.32.0"
    magic-string "^0.30.21"
    source-map-js "^1.2.1"
    tailwindcss "4.2.2"

"@tailwindcss/oxide-darwin-arm64@4.2.2":
  version "4.2.2"
  resolved "https://registry.npmjs.org/@tailwindcss/oxide-darwin-arm64/-/oxide-darwin-arm64-4.2.2.tgz"
  integrity sha512-iq9Qjr6knfMpZHj55/37ouZeykwbDqF21gPFtfnhCCKGDcPI/21FKC9XdMO/XyBM7qKORx6UIhGgg6jLl7BZlg==

"@tailwindcss/oxide@4.2.2":
  version "4.2.2"
  resolved "https://registry.npmjs.org/@tailwindcss/oxide/-/oxide-4.2.2.tgz"
  integrity sha512-qEUA07+E5kehxYp9BVMpq9E8vnJuBHfJEC0vPC5e7iL/hw7HR61aDKoVoKzrG+QKp56vhNZe4qwkRmMC0zDLvg==
  optionalDependencies:
    "@tailwindcss/oxide-android-arm64" "4.2.2"
    "@tailwindcss/oxide-darwin-arm64" "4.2.2"
    "@tailwindcss/oxide-darwin-x64" "4.2.2"
    "@tailwindcss/oxide-freebsd-x64" "4.2.2"
    "@tailwindcss/oxide-linux-arm-gnueabihf" "4.2.2"
    "@tailwindcss/oxide-linux-arm64-gnu" "4.2.2"
    "@tailwindcss/oxide-linux-arm64-musl" "4.2.2"
    "@tailwindcss/oxide-linux-x64-gnu" "4.2.2"
    "@tailwindcss/oxide-linux-x64-musl" "4.2.2"
    "@tailwindcss/oxide-wasm32-wasi" "4.2.2"
    "@tailwindcss/oxide-win32-arm64-msvc" "4.2.2"
    "@tailwindcss/oxide-win32-x64-msvc" "4.2.2"

"@tailwindcss/postcss@^4.2.2":
  version "4.2.2"
  resolved "https://registry.npmjs.org/@tailwindcss/postcss/-/postcss-4.2.2.tgz"
  integrity sha512-n4goKQbW8RVXIbNKRB/45LzyUqN451deQK0nzIeauVEqjlI49slUlgKYJM2QyUzap/PcpnS7kzSUmPb1sCRvYQ==
  dependencies:
    "@alloc/quick-lru" "^5.2.0"
    "@tailwindcss/node" "4.2.2"
    "@tailwindcss/oxide" "4.2.2"
    postcss "^8.5.6"
    tailwindcss "4.2.2"

"@tailwindcss/typography@^0.5.19":
  version "0.5.19"
  resolved "https://registry.npmjs.org/@tailwindcss/typography/-/typography-0.5.19.tgz"
  integrity sha512-w31dd8HOx3k9vPtcQh5QHP9GwKcgbMp87j58qi6xgiBnFFtKEAgCWnDw4qUT8aHwkCp8bKvb/KGKWWHedP0AAg==
  dependencies:
    postcss-selector-parser "6.0.10"

baseline-browser-mapping@^2.9.0:
  version "2.10.10"
  resolved "https://registry.npmjs.org/baseline-browser-mapping/-/baseline-browser-mapping-2.10.10.tgz"
  integrity sha512-sUoJ3IMxx4AyRqO4MLeHlnGDkyXRoUG0/AI9fjK+vS72ekpV0yWVY7O0BVjmBcRtkNcsAO2QDZ4tdKKGoI6YaQ==

boolbase@^1.0.0:
  version "1.0.0"
  resolved "https://registry.npmjs.org/boolbase/-/boolbase-1.0.0.tgz"
  integrity sha512-JZOSA7Mo9sNGB8+UjSgzdLtokWAky1zbztM3WRLCbZ70/3cTANmQmOdR7y2g+J0e2WXywy1yS468tY+IruqEww==

browserslist@^4.0.0, browserslist@^4.21.4, "browserslist@>= 4.21.0":
  version "4.28.1"
  resolved "https://registry.npmjs.org/browserslist/-/browserslist-4.28.1.tgz"
  integrity sha512-ZC5Bd0LgJXgwGqUknZY/vkUQ04r8NXnJZ3yYi4vDmSiZmC/pdSN0NbNRPxZpbtO4uAfDUAFffO8IZoM3Gj8IkA==
  dependencies:
    baseline-browser-mapping "^2.9.0"
    caniuse-lite "^1.0.30001759"
    electron-to-chromium "^1.5.263"
    node-releases "^2.0.27"
    update-browserslist-db "^1.2.0"

caniuse-api@^3.0.0:
  version "3.0.0"
  resolved "https://registry.npmjs.org/caniuse-api/-/caniuse-api-3.0.0.tgz"
  integrity sha512-bsTwuIg/BZZK/vreVTYYbSWoe2F+71P7K5QGEX+pT250DZbfU1MQ5prOKpPR+LL6uWKK3KMwMCAS74QB3Um1uw==
  dependencies:
    browserslist "^4.0.0"
    caniuse-lite "^1.0.0"
    lodash.memoize "^4.1.2"
    lodash.uniq "^4.5.0"

caniuse-lite@^1.0.0, caniuse-lite@^1.0.30001759:
  version "1.0.30001781"
  resolved "https://registry.npmjs.org/caniuse-lite/-/caniuse-lite-1.0.30001781.tgz"
  integrity sha512-RdwNCyMsNBftLjW6w01z8bKEvT6e/5tpPVEgtn22TiLGlstHOVecsX2KHFkD5e/vRnIE4EGzpuIODb3mtswtkw==

colord@^2.9.1:
  version "2.9.3"
  resolved "https://registry.npmjs.org/colord/-/colord-2.9.3.tgz"
  integrity sha512-jeC1axXpnb0/2nn/Y1LPuLdgXBLH7aDcHu4KEKfqw3CUhX7ZpfBSlPKyqXE6btIgEzfWtrX3/tyBCaCvXvMkOw==

commander@^7.2.0:
  version "7.2.0"
  resolved "https://registry.npmjs.org/commander/-/commander-7.2.0.tgz"
  integrity sha512-QrWXB+ZQSVPmIWIhtEO9H+gwHaMGYiF5ChvoJ+K9ZGHG/sVsa6yiesAD1GC/x46sET00Xlwo1u49RVVVzvcSkw==

css-declaration-sorter@^6.3.1:
  version "6.4.1"
  resolved "https://registry.npmjs.org/css-declaration-sorter/-/css-declaration-sorter-6.4.1.tgz"
  integrity sha512-rtdthzxKuyq6IzqX6jEcIzQF/YqccluefyCYheovBOLhFT/drQA9zj/UbRAa9J7C0o6EG6u3E6g+vKkay7/k3g==

css-select@^4.1.3:
  version "4.3.0"
  resolved "https://registry.npmjs.org/css-select/-/css-select-4.3.0.tgz"
  integrity sha512-wPpOYtnsVontu2mODhA19JrqWxNsfdatRKd64kmpRbQgh1KtItko5sTnEpPdpSaJszTOhEMlF/RPz28qj4HqhQ==
  dependencies:
    boolbase "^1.0.0"
    css-what "^6.0.1"
    domhandler "^4.3.1"
    domutils "^2.8.0"
    nth-check "^2.0.1"

css-tree@^1.1.2, css-tree@^1.1.3:
  version "1.1.3"
  resolved "https://registry.npmjs.org/css-tree/-/css-tree-1.1.3.tgz"
  integrity sha512-tRpdppF7TRazZrjJ6v3stzv93qxRcSsFmW6cX0Zm2NVKpxE1WV1HblnghVv9TreireHkqI/VDEsfolRF1p6y7Q==
  dependencies:
    mdn-data "2.0.14"
    source-map "^0.6.1"

css-what@^6.0.1:
  version "6.2.2"
  resolved "https://registry.npmjs.org/css-what/-/css-what-6.2.2.tgz"
  integrity sha512-u/O3vwbptzhMs3L1fQE82ZSLHQQfto5gyZzwteVIEyeaY5Fc7R4dapF/BvRoSYFeqfBk4m0V1Vafq5Pjv25wvA==

cssesc@^3.0.0:
  version "3.0.0"
  resolved "https://registry.npmjs.org/cssesc/-/cssesc-3.0.0.tgz"
  integrity sha512-/Tb/JcjK111nNScGob5MNtsntNM1aCNUDipB/TkwZFhyDrrE47SOx/18wF2bbjgc3ZzCSKW1T5nt5EbFoAz/Vg==

cssnano-preset-default@^5.2.14:
  version "5.2.14"
  resolved "https://registry.npmjs.org/cssnano-preset-default/-/cssnano-preset-default-5.2.14.tgz"
  integrity sha512-t0SFesj/ZV2OTylqQVOrFgEh5uanxbO6ZAdeCrNsUQ6fVuXwYTxJPNAGvGTxHbD68ldIJNec7PyYZDBrfDQ+6A==
  dependencies:
    css-declaration-sorter "^6.3.1"
    cssnano-utils "^3.1.0"
    postcss-calc "^8.2.3"
    postcss-colormin "^5.3.1"
    postcss-convert-values "^5.1.3"
    postcss-discard-comments "^5.1.2"
    postcss-discard-duplicates "^5.1.0"
    postcss-discard-empty "^5.1.1"
    postcss-discard-overridden "^5.1.0"
    postcss-merge-longhand "^5.1.7"
    postcss-merge-rules "^5.1.4"
    postcss-minify-font-values "^5.1.0"
    postcss-minify-gradients "^5.1.1"
    postcss-minify-params "^5.1.4"
    postcss-minify-selectors "^5.2.1"
    postcss-normalize-charset "^5.1.0"
    postcss-normalize-display-values "^5.1.0"
    postcss-normalize-positions "^5.1.1"
    postcss-normalize-repeat-style "^5.1.1"
    postcss-normalize-string "^5.1.0"
    postcss-normalize-timing-functions "^5.1.0"
    postcss-normalize-unicode "^5.1.1"
    postcss-normalize-url "^5.1.0"
    postcss-normalize-whitespace "^5.1.1"
    postcss-ordered-values "^5.1.3"
    postcss-reduce-initial "^5.1.2"
    postcss-reduce-transforms "^5.1.0"
    postcss-svgo "^5.1.0"
    postcss-unique-selectors "^5.1.1"

cssnano-utils@^3.1.0:
  version "3.1.0"
  resolved "https://registry.npmjs.org/cssnano-utils/-/cssnano-utils-3.1.0.tgz"
  integrity sha512-JQNR19/YZhz4psLX/rQ9M83e3z2Wf/HdJbryzte4a3NSuafyp9w/I4U+hx5C2S9g41qlstH7DEWnZaaj83OuEA==

cssnano@^5.1.14:
  version "5.1.15"
  resolved "https://registry.npmjs.org/cssnano/-/cssnano-5.1.15.tgz"
  integrity sha512-j+BKgDcLDQA+eDifLx0EO4XSA56b7uut3BQFH+wbSaSTuGLuiyTa/wbRYthUXX8LC9mLg+WWKe8h+qJuwTAbHw==
  dependencies:
    cssnano-preset-default "^5.2.14"
    lilconfig "^2.0.3"
    yaml "^1.10.2"

csso@^4.2.0:
  version "4.2.0"
  resolved "https://registry.npmjs.org/csso/-/csso-4.2.0.tgz"
  integrity sha512-wvlcdIbf6pwKEk7vHj8/Bkc0B4ylXZruLvOgs9doS5eOsOpuodOV2zJChSpkp+pRpYQLQMeF04nr3Z68Sta9jA==
  dependencies:
    css-tree "^1.1.2"

detect-libc@^2.0.3:
  version "2.1.2"
  resolved "https://registry.npmjs.org/detect-libc/-/detect-libc-2.1.2.tgz"
  integrity sha512-Btj2BOOO83o3WyH59e8MgXsxEQVcarkUOpEYrubB0urwnN10yQ364rsiByU11nZlqWYZm05i/of7io4mzihBtQ==

dom-serializer@^1.0.1:
  version "1.4.1"
  resolved "https://registry.npmjs.org/dom-serializer/-/dom-serializer-1.4.1.tgz"
  integrity sha512-VHwB3KfrcOOkelEG2ZOfxqLZdfkil8PtJi4P8N2MMXucZq2yLp75ClViUlOVwyoHEDjYU433Aq+5zWP61+RGag==
  dependencies:
    domelementtype "^2.0.1"
    domhandler "^4.2.0"
    entities "^2.0.0"

domelementtype@^2.0.1, domelementtype@^2.2.0:
  version "2.3.0"
  resolved "https://registry.npmjs.org/domelementtype/-/domelementtype-2.3.0.tgz"
  integrity sha512-OLETBj6w0OsagBwdXnPdN0cnMfF9opN69co+7ZrbfPGrdpPVNBUj02spi6B1N7wChLQiPn4CSH/zJvXw56gmHw==

domhandler@^4.2.0, domhandler@^4.3.1:
  version "4.3.1"
  resolved "https://registry.npmjs.org/domhandler/-/domhandler-4.3.1.tgz"
  integrity sha512-GrwoxYN+uWlzO8uhUXRl0P+kHE4GtVPfYzVLcUxPL7KNdHKj66vvlhiweIHqYYXWlw+T8iLMp42Lm67ghw4WMQ==
  dependencies:
    domelementtype "^2.2.0"

domutils@^2.8.0:
  version "2.8.0"
  resolved "https://registry.npmjs.org/domutils/-/domutils-2.8.0.tgz"
  integrity sha512-w96Cjofp72M5IIhpjgobBimYEfoPjx1Vx0BSX9P30WBdZW2WIKU0T1Bd0kz2eNZ9ikjKgHbEyKx8BB6H1L3h3A==
  dependencies:
    dom-serializer "^1.0.1"
    domelementtype "^2.2.0"
    domhandler "^4.2.0"

electron-to-chromium@^1.5.263:
  version "1.5.321"
  resolved "https://registry.npmjs.org/electron-to-chromium/-/electron-to-chromium-1.5.321.tgz"
  integrity sha512-L2C7Q279W2D/J4PLZLk7sebOILDSWos7bMsMNN06rK482umHUrh/3lM8G7IlHFOYip2oAg5nha1rCMxr/rs6ZQ==

enhanced-resolve@^5.19.0:
  version "5.20.1"
  resolved "https://registry.npmjs.org/enhanced-resolve/-/enhanced-resolve-5.20.1.tgz"
  integrity sha512-Qohcme7V1inbAfvjItgw0EaxVX5q2rdVEZHRBrEQdRZTssLDGsL8Lwrznl8oQ/6kuTJONLaDcGjkNP247XEhcA==
  dependencies:
    graceful-fs "^4.2.4"
    tapable "^2.3.0"

entities@^2.0.0:
  version "2.2.0"
  resolved "https://registry.npmjs.org/entities/-/entities-2.2.0.tgz"
  integrity sha512-p92if5Nz619I0w+akJrLZH0MX0Pb5DX39XOwQTtXSdQQOaYH03S1uIQp4mhOZtAXrxq4ViO67YTiLBo2638o9A==

escalade@^3.2.0:
  version "3.2.0"
  resolved "https://registry.npmjs.org/escalade/-/escalade-3.2.0.tgz"
  integrity sha512-WUj2qlxaQtO4g6Pq5c29GTcWGDyd8itL8zTlipgECz3JesAiiOKotd8JU6otB3PACgG6xkJUyVhboMS+bje/jA==

graceful-fs@^4.2.4:
  version "4.2.11"
  resolved "https://registry.npmjs.org/graceful-fs/-/graceful-fs-4.2.11.tgz"
  integrity sha512-RbJ5/jmFcNNCcDV5o9eTnBLJ/HszWV0P73bc+Ff4nS/rJj+YaS6IGyiOL0VoBYX+l1Wrl3k63h/KrH+nhJ0XvQ==

html-styles@^1.0.0:
  version "1.0.0"
  resolved "https://registry.npmjs.org/html-styles/-/html-styles-1.0.0.tgz"
  integrity sha512-cDl5dcj73oI4Hy0DSUNh54CAwslNLJRCCoO+RNkVo+sBrjA/0+7E/xzvj3zH/GxbbBLGJhE0hBe1eg+0FINC6w==

isarray@^1.0.0, isarray@1.0.0:
  version "1.0.0"
  resolved "https://registry.npmjs.org/isarray/-/isarray-1.0.0.tgz"
  integrity sha512-VLghIWNM6ELQzo7zwmcg0NmTVyWKYjvIeM83yjp0wRDTmUnrM678fQbcKBo6n2CJEF0szoG//ytg+TKla89ALQ==

isobject@^2.0.0:
  version "2.1.0"
  resolved "https://registry.npmjs.org/isobject/-/isobject-2.1.0.tgz"
  integrity sha512-+OUdGJlgjOBZDfxnDjYYG6zp487z0JGNQq3cYQYg5f5hKR+syHMsaztzGeml/4kGG55CSpKSpWTY+jYGgsHLgA==
  dependencies:
    isarray "1.0.0"

jiti@^2.6.1:
  version "2.6.1"
  resolved "https://registry.npmjs.org/jiti/-/jiti-2.6.1.tgz"
  integrity sha512-ekilCSN1jwRvIbgeg/57YFh8qQDNbwDb9xT/qu2DAHbFFZUicIl4ygVaAvzveMhMVr3LnpSKTNnwt8PoOfmKhQ==

lightningcss-darwin-arm64@1.32.0:
  version "1.32.0"
  resolved "https://registry.npmjs.org/lightningcss-darwin-arm64/-/lightningcss-darwin-arm64-1.32.0.tgz"
  integrity sha512-RzeG9Ju5bag2Bv1/lwlVJvBE3q6TtXskdZLLCyfg5pt+HLz9BqlICO7LZM7VHNTTn/5PRhHFBSjk5lc4cmscPQ==

lightningcss@1.32.0:
  version "1.32.0"
  resolved "https://registry.npmjs.org/lightningcss/-/lightningcss-1.32.0.tgz"
  integrity sha512-NXYBzinNrblfraPGyrbPoD19C1h9lfI/1mzgWYvXUTe414Gz/X1FD2XBZSZM7rRTrMA8JL3OtAaGifrIKhQ5yQ==
  dependencies:
    detect-libc "^2.0.3"
  optionalDependencies:
    lightningcss-android-arm64 "1.32.0"
    lightningcss-darwin-arm64 "1.32.0"
    lightningcss-darwin-x64 "1.32.0"
    lightningcss-freebsd-x64 "1.32.0"
    lightningcss-linux-arm-gnueabihf "1.32.0"
    lightningcss-linux-arm64-gnu "1.32.0"
    lightningcss-linux-arm64-musl "1.32.0"
    lightningcss-linux-x64-gnu "1.32.0"
    lightningcss-linux-x64-musl "1.32.0"
    lightningcss-win32-arm64-msvc "1.32.0"
    lightningcss-win32-x64-msvc "1.32.0"

lilconfig@^2.0.3:
  version "2.1.0"
  resolved "https://registry.npmjs.org/lilconfig/-/lilconfig-2.1.0.tgz"
  integrity sha512-utWOt/GHzuUxnLKxB6dk81RoOeoNeHgbrXiuGk4yyF5qlRz+iIVWu56E2fqGHFrXz0QNUhLB/8nKqvRH66JKGQ==

line-column@^1.0.2:
  version "1.0.2"
  resolved "https://registry.npmjs.org/line-column/-/line-column-1.0.2.tgz"
  integrity sha512-Ktrjk5noGYlHsVnYWh62FLVs4hTb8A3e+vucNZMgPeAOITdshMSgv4cCZQeRDjm7+goqmo6+liZwTXo+U3sVww==
  dependencies:
    isarray "^1.0.0"
    isobject "^2.0.0"

lodash.memoize@^4.1.2:
  version "4.1.2"
  resolved "https://registry.npmjs.org/lodash.memoize/-/lodash.memoize-4.1.2.tgz"
  integrity sha512-t7j+NzmgnQzTAYXcsHYLgimltOV1MXHtlOWf6GjL9Kj8GK5FInw5JotxvbOs+IvV1/Dzo04/fCGfLVs7aXb4Ag==

lodash.uniq@^4.5.0:
  version "4.5.0"
  resolved "https://registry.npmjs.org/lodash.uniq/-/lodash.uniq-4.5.0.tgz"
  integrity sha512-xfBaXQd9ryd9dlSDvnvI0lvxfLJlYAZzXomUYzLKtUeOQvOP5piqAWuGtrhWeqaXK9hhoM/iyJc5AV+XfsX3HQ==

magic-string@^0.30.21:
  version "0.30.21"
  resolved "https://registry.npmjs.org/magic-string/-/magic-string-0.30.21.tgz"
  integrity sha512-vd2F4YUyEXKGcLHoq+TEyCjxueSeHnFxyyjNp80yg0XV4vUhnDer/lvvlqM/arB5bXQN5K2/3oinyCRyx8T2CQ==
  dependencies:
    "@jridgewell/sourcemap-codec" "^1.5.5"

mdn-data@2.0.14:
  version "2.0.14"
  resolved "https://registry.npmjs.org/mdn-data/-/mdn-data-2.0.14.tgz"
  integrity sha512-dn6wd0uw5GsdswPFfsgMp5NSB0/aDe6fK94YJV/AJDYXL6HVLWBsxeq7js7Ad+mU2K9LAlwpk6kN2D5mwCPVow==

nanoid@^3.3.11:
  version "3.3.11"
  resolved "https://registry.npmjs.org/nanoid/-/nanoid-3.3.11.tgz"
  integrity sha512-N8SpfPUnUp1bK+PMYW8qSWdl9U+wwNWI4QKxOYDy9JAro3WMX7p2OeVRF9v+347pnakNevPmiHhNmZ2HbFA76w==

node-releases@^2.0.27:
  version "2.0.36"
  resolved "https://registry.npmjs.org/node-releases/-/node-releases-2.0.36.tgz"
  integrity sha512-TdC8FSgHz8Mwtw9g5L4gR/Sh9XhSP/0DEkQxfEFXOpiul5IiHgHan2VhYYb6agDSfp4KuvltmGApc8HMgUrIkA==

normalize-url@^6.0.1:
  version "6.1.0"
  resolved "https://registry.npmjs.org/normalize-url/-/normalize-url-6.1.0.tgz"
  integrity sha512-DlL+XwOy3NxAQ8xuC0okPgK46iuVNAK01YN7RueYBqqFeGsBjV9XmCAzAdgt+667bCl5kPh9EqKKDwnaPG1I7A==

nth-check@^2.0.1:
  version "2.1.1"
  resolved "https://registry.npmjs.org/nth-check/-/nth-check-2.1.1.tgz"
  integrity sha512-lqjrjmaOoAnWfMmBPL+XNnynZh2+swxiX3WUE0s4yEHI6m+AwrK2UZOimIRl3X/4QctVqS8AiZjFqyOGrMXb/w==
  dependencies:
    boolbase "^1.0.0"

ohm-js@^17.0.0:
  version "17.3.0"
  resolved "https://registry.npmjs.org/ohm-js/-/ohm-js-17.3.0.tgz"
  integrity sha512-LySMdjweN1hKBMMV8lM44+1wiewkndDNNJxtgVAscs7y683MXCdQZLsIaw64/p8NuqYbKOWZoHIOA5DU/xchoA==

picocolors@^1.0.0, picocolors@^1.1.1:
  version "1.1.1"
  resolved "https://registry.npmjs.org/picocolors/-/picocolors-1.1.1.tgz"
  integrity sha512-xceH2snhtb5M9liqDsmEw56le376mTZkEX/jEb/RxNFyegNul7eNslCXP9FDj/Lcu0X8KEyMceP2ntpaHrDEVA==

postcss-calc@^8.2.3:
  version "8.2.4"
  resolved "https://registry.npmjs.org/postcss-calc/-/postcss-calc-8.2.4.tgz"
  integrity sha512-SmWMSJmB8MRnnULldx0lQIyhSNvuDl9HfrZkaqqE/WHAhToYsAvDq+yAsA/kIyINDszOp3Rh0GFoNuH5Ypsm3Q==
  dependencies:
    postcss-selector-parser "^6.0.9"
    postcss-value-parser "^4.2.0"

postcss-colormin@^5.3.1:
  version "5.3.1"
  resolved "https://registry.npmjs.org/postcss-colormin/-/postcss-colormin-5.3.1.tgz"
  integrity sha512-UsWQG0AqTFQmpBegeLLc1+c3jIqBNB0zlDGRWR+dQ3pRKJL1oeMzyqmH3o2PIfn9MBdNrVPWhDbT769LxCTLJQ==
  dependencies:
    browserslist "^4.21.4"
    caniuse-api "^3.0.0"
    colord "^2.9.1"
    postcss-value-parser "^4.2.0"

postcss-convert-values@^5.1.3:
  version "5.1.3"
  resolved "https://registry.npmjs.org/postcss-convert-values/-/postcss-convert-values-5.1.3.tgz"
  integrity sha512-82pC1xkJZtcJEfiLw6UXnXVXScgtBrjlO5CBmuDQc+dlb88ZYheFsjTn40+zBVi3DkfF7iezO0nJUPLcJK3pvA==
  dependencies:
    browserslist "^4.21.4"
    postcss-value-parser "^4.2.0"

postcss-discard-comments@^5.1.2:
  version "5.1.2"
  resolved "https://registry.npmjs.org/postcss-discard-comments/-/postcss-discard-comments-5.1.2.tgz"
  integrity sha512-+L8208OVbHVF2UQf1iDmRcbdjJkuBF6IS29yBDSiWUIzpYaAhtNl6JYnYm12FnkeCwQqF5LeklOu6rAqgfBZqQ==

postcss-discard-duplicates@^5.1.0:
  version "5.1.0"
  resolved "https://registry.npmjs.org/postcss-discard-duplicates/-/postcss-discard-duplicates-5.1.0.tgz"
  integrity sha512-zmX3IoSI2aoenxHV6C7plngHWWhUOV3sP1T8y2ifzxzbtnuhk1EdPwm0S1bIUNaJ2eNbWeGLEwzw8huPD67aQw==

postcss-discard-empty@^5.1.1:
  version "5.1.1"
  resolved "https://registry.npmjs.org/postcss-discard-empty/-/postcss-discard-empty-5.1.1.tgz"
  integrity sha512-zPz4WljiSuLWsI0ir4Mcnr4qQQ5e1Ukc3i7UfE2XcrwKK2LIPIqE5jxMRxO6GbI3cv//ztXDsXwEWT3BHOGh3A==

postcss-discard-overridden@^5.1.0:
  version "5.1.0"
  resolved "https://registry.npmjs.org/postcss-discard-overridden/-/postcss-discard-overridden-5.1.0.tgz"
  integrity sha512-21nOL7RqWR1kasIVdKs8HNqQJhFxLsyRfAnUDm4Fe4t4mCWL9OJiHvlHPjcd8zc5Myu89b/7wZDnOSjFgeWRtw==

postcss-merge-longhand@^5.1.7:
  version "5.1.7"
  resolved "https://registry.npmjs.org/postcss-merge-longhand/-/postcss-merge-longhand-5.1.7.tgz"
  integrity sha512-YCI9gZB+PLNskrK0BB3/2OzPnGhPkBEwmwhfYk1ilBHYVAZB7/tkTHFBAnCrvBBOmeYyMYw3DMjT55SyxMBzjQ==
  dependencies:
    postcss-value-parser "^4.2.0"
    stylehacks "^5.1.1"

postcss-merge-rules@^5.1.4:
  version "5.1.4"
  resolved "https://registry.npmjs.org/postcss-merge-rules/-/postcss-merge-rules-5.1.4.tgz"
  integrity sha512-0R2IuYpgU93y9lhVbO/OylTtKMVcHb67zjWIfCiKR9rWL3GUk1677LAqD/BcHizukdZEjT8Ru3oHRoAYoJy44g==
  dependencies:
    browserslist "^4.21.4"
    caniuse-api "^3.0.0"
    cssnano-utils "^3.1.0"
    postcss-selector-parser "^6.0.5"

postcss-minify-font-values@^5.1.0:
  version "5.1.0"
  resolved "https://registry.npmjs.org/postcss-minify-font-values/-/postcss-minify-font-values-5.1.0.tgz"
  integrity sha512-el3mYTgx13ZAPPirSVsHqFzl+BBBDrXvbySvPGFnQcTI4iNslrPaFq4muTkLZmKlGk4gyFAYUBMH30+HurREyA==
  dependencies:
    postcss-value-parser "^4.2.0"

postcss-minify-gradients@^5.1.1:
  version "5.1.1"
  resolved "https://registry.npmjs.org/postcss-minify-gradients/-/postcss-minify-gradients-5.1.1.tgz"
  integrity sha512-VGvXMTpCEo4qHTNSa9A0a3D+dxGFZCYwR6Jokk+/3oB6flu2/PnPXAh2x7x52EkY5xlIHLm+Le8tJxe/7TNhzw==
  dependencies:
    colord "^2.9.1"
    cssnano-utils "^3.1.0"
    postcss-value-parser "^4.2.0"

postcss-minify-params@^5.1.4:
  version "5.1.4"
  resolved "https://registry.npmjs.org/postcss-minify-params/-/postcss-minify-params-5.1.4.tgz"
  integrity sha512-+mePA3MgdmVmv6g+30rn57USjOGSAyuxUmkfiWpzalZ8aiBkdPYjXWtHuwJGm1v5Ojy0Z0LaSYhHaLJQB0P8Jw==
  dependencies:
    browserslist "^4.21.4"
    cssnano-utils "^3.1.0"
    postcss-value-parser "^4.2.0"

postcss-minify-selectors@^5.2.1:
  version "5.2.1"
  resolved "https://registry.npmjs.org/postcss-minify-selectors/-/postcss-minify-selectors-5.2.1.tgz"
  integrity sha512-nPJu7OjZJTsVUmPdm2TcaiohIwxP+v8ha9NehQ2ye9szv4orirRU3SDdtUmKH+10nzn0bAyOXZ0UEr7OpvLehg==
  dependencies:
    postcss-selector-parser "^6.0.5"

postcss-normalize-charset@^5.1.0:
  version "5.1.0"
  resolved "https://registry.npmjs.org/postcss-normalize-charset/-/postcss-normalize-charset-5.1.0.tgz"
  integrity sha512-mSgUJ+pd/ldRGVx26p2wz9dNZ7ji6Pn8VWBajMXFf8jk7vUoSrZ2lt/wZR7DtlZYKesmZI680qjr2CeFF2fbUg==

postcss-normalize-display-values@^5.1.0:
  version "5.1.0"
  resolved "https://registry.npmjs.org/postcss-normalize-display-values/-/postcss-normalize-display-values-5.1.0.tgz"
  integrity sha512-WP4KIM4o2dazQXWmFaqMmcvsKmhdINFblgSeRgn8BJ6vxaMyaJkwAzpPpuvSIoG/rmX3M+IrRZEz2H0glrQNEA==
  dependencies:
    postcss-value-parser "^4.2.0"

postcss-normalize-positions@^5.1.1:
  version "5.1.1"
  resolved "https://registry.npmjs.org/postcss-normalize-positions/-/postcss-normalize-positions-5.1.1.tgz"
  integrity sha512-6UpCb0G4eofTCQLFVuI3EVNZzBNPiIKcA1AKVka+31fTVySphr3VUgAIULBhxZkKgwLImhzMR2Bw1ORK+37INg==
  dependencies:
    postcss-value-parser "^4.2.0"

postcss-normalize-repeat-style@^5.1.1:
  version "5.1.1"
  resolved "https://registry.npmjs.org/postcss-normalize-repeat-style/-/postcss-normalize-repeat-style-5.1.1.tgz"
  integrity sha512-mFpLspGWkQtBcWIRFLmewo8aC3ImN2i/J3v8YCFUwDnPu3Xz4rLohDO26lGjwNsQxB3YF0KKRwspGzE2JEuS0g==
  dependencies:
    postcss-value-parser "^4.2.0"

postcss-normalize-string@^5.1.0:
  version "5.1.0"
  resolved "https://registry.npmjs.org/postcss-normalize-string/-/postcss-normalize-string-5.1.0.tgz"
  integrity sha512-oYiIJOf4T9T1N4i+abeIc7Vgm/xPCGih4bZz5Nm0/ARVJ7K6xrDlLwvwqOydvyL3RHNf8qZk6vo3aatiw/go3w==
  dependencies:
    postcss-value-parser "^4.2.0"

postcss-normalize-timing-functions@^5.1.0:
  version "5.1.0"
  resolved "https://registry.npmjs.org/postcss-normalize-timing-functions/-/postcss-normalize-timing-functions-5.1.0.tgz"
  integrity sha512-DOEkzJ4SAXv5xkHl0Wa9cZLF3WCBhF3o1SKVxKQAa+0pYKlueTpCgvkFAHfk+Y64ezX9+nITGrDZeVGgITJXjg==
  dependencies:
    postcss-value-parser "^4.2.0"

postcss-normalize-unicode@^5.1.1:
  version "5.1.1"
  resolved "https://registry.npmjs.org/postcss-normalize-unicode/-/postcss-normalize-unicode-5.1.1.tgz"
  integrity sha512-qnCL5jzkNUmKVhZoENp1mJiGNPcsJCs1aaRmURmeJGES23Z/ajaln+EPTD+rBeNkSryI+2WTdW+lwcVdOikrpA==
  dependencies:
    browserslist "^4.21.4"
    postcss-value-parser "^4.2.0"

postcss-normalize-url@^5.1.0:
  version "5.1.0"
  resolved "https://registry.npmjs.org/postcss-normalize-url/-/postcss-normalize-url-5.1.0.tgz"
  integrity sha512-5upGeDO+PVthOxSmds43ZeMeZfKH+/DKgGRD7TElkkyS46JXAUhMzIKiCa7BabPeIy3AQcTkXwVVN7DbqsiCew==
  dependencies:
    normalize-url "^6.0.1"
    postcss-value-parser "^4.2.0"

postcss-normalize-whitespace@^5.1.1:
  version "5.1.1"
  resolved "https://registry.npmjs.org/postcss-normalize-whitespace/-/postcss-normalize-whitespace-5.1.1.tgz"
  integrity sha512-83ZJ4t3NUDETIHTa3uEg6asWjSBYL5EdkVB0sDncx9ERzOKBVJIUeDO9RyA9Zwtig8El1d79HBp0JEi8wvGQnA==
  dependencies:
    postcss-value-parser "^4.2.0"

postcss-ordered-values@^5.1.3:
  version "5.1.3"
  resolved "https://registry.npmjs.org/postcss-ordered-values/-/postcss-ordered-values-5.1.3.tgz"
  integrity sha512-9UO79VUhPwEkzbb3RNpqqghc6lcYej1aveQteWY+4POIwlqkYE21HKWaLDF6lWNuqCobEAyTovVhtI32Rbv2RQ==
  dependencies:
    cssnano-utils "^3.1.0"
    postcss-value-parser "^4.2.0"

postcss-reduce-initial@^5.1.2:
  version "5.1.2"
  resolved "https://registry.npmjs.org/postcss-reduce-initial/-/postcss-reduce-initial-5.1.2.tgz"
  integrity sha512-dE/y2XRaqAi6OvjzD22pjTUQ8eOfc6m/natGHgKFBK9DxFmIm69YmaRVQrGgFlEfc1HePIurY0TmDeROK05rIg==
  dependencies:
    browserslist "^4.21.4"
    caniuse-api "^3.0.0"

postcss-reduce-transforms@^5.1.0:
  version "5.1.0"
  resolved "https://registry.npmjs.org/postcss-reduce-transforms/-/postcss-reduce-transforms-5.1.0.tgz"
  integrity sha512-2fbdbmgir5AvpW9RLtdONx1QoYG2/EtqpNQbFASDlixBbAYuTcJ0dECwlqNqH7VbaUnEnh8SrxOe2sRIn24XyQ==
  dependencies:
    postcss-value-parser "^4.2.0"

postcss-selector-parser@^6.0.4, postcss-selector-parser@^6.0.5, postcss-selector-parser@^6.0.9, postcss-selector-parser@6.0.10:
  version "6.0.10"
  resolved "https://registry.npmjs.org/postcss-selector-parser/-/postcss-selector-parser-6.0.10.tgz"
  integrity sha512-IQ7TZdoaqbT+LCpShg46jnZVlhWD2w6iQYAcYXfHARZ7X1t/UGhhceQDs5X0cGqKvYlHNOuv7Oa1xmb0oQuA3w==
  dependencies:
    cssesc "^3.0.0"
    util-deprecate "^1.0.2"

postcss-svgo@^5.1.0:
  version "5.1.0"
  resolved "https://registry.npmjs.org/postcss-svgo/-/postcss-svgo-5.1.0.tgz"
  integrity sha512-D75KsH1zm5ZrHyxPakAxJWtkyXew5qwS70v56exwvw542d9CRtTo78K0WeFxZB4G7JXKKMbEZtZayTGdIky/eA==
  dependencies:
    postcss-value-parser "^4.2.0"
    svgo "^2.7.0"

postcss-unique-selectors@^5.1.1:
  version "5.1.1"
  resolved "https://registry.npmjs.org/postcss-unique-selectors/-/postcss-unique-selectors-5.1.1.tgz"
  integrity sha512-5JiODlELrz8L2HwxfPnhOWZYWDxVHWL83ufOv84NrcgipI7TaeRsatAhK4Tr2/ZiYldpK/wBvw5BD3qfaK96GA==
  dependencies:
    postcss-selector-parser "^6.0.5"

postcss-value-parser@^4.2.0:
  version "4.2.0"
  resolved "https://registry.npmjs.org/postcss-value-parser/-/postcss-value-parser-4.2.0.tgz"
  integrity sha512-1NNCs6uurfkVbeXG4S8JFT9t19m45ICnif8zWLd5oPSZ50QnwMfK+H3jv408d4jw/7Bttv5axS5IiHoLaVNHeQ==

postcss@^8.0.9, postcss@^8.2.15, postcss@^8.2.2, postcss@^8.5.6, postcss@^8.5.9:
  version "8.5.9"
  resolved "https://registry.npmjs.org/postcss/-/postcss-8.5.9.tgz"
  integrity sha512-7a70Nsot+EMX9fFU3064K/kdHWZqGVY+BADLyXc8Dfv+mTLLVl6JzJpPaCZ2kQL9gIJvKXSLMHhqdRRjwQeFtw==
  dependencies:
    nanoid "^3.3.11"
    picocolors "^1.1.1"
    source-map-js "^1.2.1"

"prettier@^2.0.0 || ^3.0.0", prettier@^3.7.4:
  version "3.7.4"
  resolved "https://registry.npmjs.org/prettier/-/prettier-3.7.4.tgz"
  integrity sha512-v6UNi1+3hSlVvv8fSaoUbggEM5VErKmmpGA7Pl3HF8V6uKY7rvClBOJlH6yNwQtfTueNkGVpOv/mtWL9L4bgRA==

sax@^1.5.0:
  version "1.6.0"
  resolved "https://registry.npmjs.org/sax/-/sax-1.6.0.tgz"
  integrity sha512-6R3J5M4AcbtLUdZmRv2SygeVaM7IhrLXu9BmnOGmmACak8fiUtOsYNWUS4uK7upbmHIBbLBeFeI//477BKLBzA==

source-map-js@^1.2.1:
  version "1.2.1"
  resolved "https://registry.npmjs.org/source-map-js/-/source-map-js-1.2.1.tgz"
  integrity sha512-UXWMKhLOwVKb728IUtQPXxfYU+usdybtUrK/8uGE8CQMvrhOpwvzDBwj0QhSL7MQc7vIsISBG8VQ8+IDQxpfQA==

source-map@^0.6.1:
  version "0.6.1"
  resolved "https://registry.npmjs.org/source-map/-/source-map-0.6.1.tgz"
  integrity sha512-UjgapumWlbMhkBgzT7Ykc5YXUT46F0iKu8SGXq0bcwP5dz/h0Plj6enJqjz1Zbq2l5WaqYnrVbwWOWMyF3F47g==

stable@^0.1.8:
  version "0.1.8"
  resolved "https://registry.npmjs.org/stable/-/stable-0.1.8.tgz"
  integrity sha512-ji9qxRnOVfcuLDySj9qzhGSEFVobyt1kIOSkj1qZzYLzq7Tos/oUUWvotUPQLlrsidqsK6tBH89Bc9kL5zHA6w==

stylehacks@^5.1.1:
  version "5.1.1"
  resolved "https://registry.npmjs.org/stylehacks/-/stylehacks-5.1.1.tgz"
  integrity sha512-sBpcd5Hx7G6seo7b1LkpttvTz7ikD0LlH5RmdcBNb6fFR0Fl7LQwHDFr300q4cwUqi+IYrFGmsIHieMBfnN/Bw==
  dependencies:
    browserslist "^4.21.4"
    postcss-selector-parser "^6.0.4"

svgo@^2.7.0:
  version "2.8.2"
  resolved "https://registry.npmjs.org/svgo/-/svgo-2.8.2.tgz"
  integrity sha512-TyzE4NVGLUFy+H/Uy4N6c3G0HEeprsVfge6Lmq+0FdQQ/zqoVYB62IsBZORsiL+o96s6ff/V6/3UQo/C0cgCAA==
  dependencies:
    commander "^7.2.0"
    css-select "^4.1.3"
    css-tree "^1.1.3"
    csso "^4.2.0"
    picocolors "^1.0.0"
    sax "^1.5.0"
    stable "^0.1.8"

tailwindcss@^4.2.2, "tailwindcss@>=3.0.0 || insiders || >=4.0.0-alpha.20 || >=4.0.0-beta.1", tailwindcss@4.2.2:
  version "4.2.2"
  resolved "https://registry.npmjs.org/tailwindcss/-/tailwindcss-4.2.2.tgz"
  integrity sha512-KWBIxs1Xb6NoLdMVqhbhgwZf2PGBpPEiwOqgI4pFIYbNTfBXiKYyWoTsXgBQ9WFg/OlhnvHaY+AEpW7wSmFo2Q==

tapable@^2.3.0:
  version "2.3.2"
  resolved "https://registry.npmjs.org/tapable/-/tapable-2.3.2.tgz"
  integrity sha512-1MOpMXuhGzGL5TTCZFItxCc0AARf1EZFQkGqMm7ERKj8+Hgr5oLvJOVFcC+lRmR8hCe2S3jC4T5D7Vg/d7/fhA==

update-browserslist-db@^1.2.0:
  version "1.2.3"
  resolved "https://registry.npmjs.org/update-browserslist-db/-/update-browserslist-db-1.2.3.tgz"
  integrity sha512-Js0m9cx+qOgDxo0eMiFGEueWztz+d4+M3rGlmKPT+T4IS/jP4ylw3Nwpu6cpTTP8R1MAC1kF4VbdLt3ARf209w==
  dependencies:
    escalade "^3.2.0"
    picocolors "^1.1.1"

util-deprecate@^1.0.2:
  version "1.0.2"
  resolved "https://registry.npmjs.org/util-deprecate/-/util-deprecate-1.0.2.tgz"
  integrity sha512-EPD5q1uXyFxJpCrLnCc1nHnq3gOa6DZBocAIiI2TaSCA7VCJ1UJDMagCzIkXNsUYfD1daK//LTEQ8xiIbrHtcw==

yaml@^1.10.2:
  version "1.10.3"
  resolved "https://registry.npmjs.org/yaml/-/yaml-1.10.3.tgz"
  integrity sha512-vIYeF1u3CjlhAFekPPAk2h/Kv4T3mAkMox5OymRiJQB0spDP10LHvt+K7G9Ny6NuuMAb25/6n1qyUjAcGNf/AA==
